
Microsoft Visual Studio Solution File, Format Version 12.00
# Visual Studio Version 17
VisualStudioVersion = 17.0.31903.59
MinimumVisualStudioVersion = 10.0.40219.1
Project("{FAE04EC0-301F-11D3-BF4B-00C04F79EFBC}") = "GullyService.API", "GullyService.API\GullyService.API.csproj", "{E2D2AFB7-6BB1-42C8-A8D5-5E8CE9DC5585}"
EndProject
Project("{FAE04EC0-301F-11D3-BF4B-00C04F79EFBC}") = "GullyService.Domain", "GullyService.Domain\GullyService.Domain.csproj", "{82301B9E-C5B4-4230-9A93-61AD8A5C8302}"
EndProject
Project("{FAE04EC0-301F-11D3-BF4B-00C04F79EFBC}") = "GullyService.Application", "GullyService.Application\GullyService.Application.csproj", "{AD7BB998-1AA2-453C-9FD9-7963AC318AC2}"
EndProject
Project("{FAE04EC0-301F-11D3-BF4B-00C04F79EFBC}") = "GullyService.Infrastructure", "GullyService.Infrastructure\GullyService.Infrastructure.csproj", "{0FBA5885-E774-4DC7-B624-F809EC8CA004}"
EndProject
Global
	GlobalSection(SolutionConfigurationPlatforms) = preSolution
		Debug|Any CPU = Debug|Any CPU
		Debug|x64 = Debug|x64
		Debug|x86 = Debug|x86
		Release|Any CPU = Release|Any CPU
		Release|x64 = Release|x64
		Release|x86 = Release|x86
	EndGlobalSection
	GlobalSection(ProjectConfigurationPlatforms) = postSolution
		{E2D2AFB7-6BB1-42C8-A8D5-5E8CE9DC5585}.Debug|Any CPU.ActiveCfg = Debug|Any CPU
		{E2D2AFB7-6BB1-42C8-A8D5-5E8CE9DC5585}.Debug|Any CPU.Build.0 = Debug|Any CPU
		{E2D2AFB7-6BB1-42C8-A8D5-5E8CE9DC5585}.Debug|x64.ActiveCfg = Debug|Any CPU
		{E2D2AFB7-6BB1-42C8-A8D5-5E8CE9DC5585}.Debug|x64.Build.0 = Debug|Any CPU
		{E2D2AFB7-6BB1-42C8-A8D5-5E8CE9DC5585}.Debug|x86.ActiveCfg = Debug|Any CPU
		{E2D2AFB7-6BB1-42C8-A8D5-5E8CE9DC5585}.Debug|x86.Build.0 = Debug|Any CPU
		{E2D2AFB7-6BB1-42C8-A8D5-5E8CE9DC5585}.Release|Any CPU.ActiveCfg = Release|Any CPU
		{E2D2AFB7-6BB1-42C8-A8D5-5E8CE9DC5585}.Release|Any CPU.Build.0 = Release|Any CPU
		{E2D2AFB7-6BB1-42C8-A8D5-5E8CE9DC5585}.Release|x64.ActiveCfg = Release|Any CPU
		{E2D2AFB7-6BB1-42C8-A8D5-5E8CE9DC5585}.Release|x64.Build.0 = Release|Any CPU
		{E2D2AFB7-6BB1-42C8-A8D5-5E8CE9DC5585}.Release|x86.ActiveCfg = Release|Any CPU
		{E2D2AFB7-6BB1-42C8-A8D5-5E8CE9DC5585}.Release|x86.Build.0 = Release|Any CPU
		{82301B9E-C5B4-4230-9A93-61AD8A5C8302}.Debug|Any CPU.ActiveCfg = Debug|Any CPU
		{82301B9E-C5B4-4230-9A93-61AD8A5C8302}.Debug|Any CPU.Build.0 = Debug|Any CPU
		{82301B9E-C5B4-4230-9A93-61AD8A5C8302}.Debug|x64.ActiveCfg = Debug|Any CPU
		{82301B9E-C5B4-4230-9A93-61AD8A5C8302}.Debug|x64.Build.0 = Debug|Any CPU
		{82301B9E-C5B4-4230-9A93-61AD8A5C8302}.Debug|x86.ActiveCfg = Debug|Any CPU
		{82301B9E-C5B4-4230-9A93-61AD8A5C8302}.Debug|x86.Build.0 = Debug|Any CPU
		{82301B9E-C5B4-4230-9A93-61AD8A5C8302}.Release|Any CPU.ActiveCfg = Release|Any CPU
		{82301B9E-C5B4-4230-9A93-61AD8A5C8302}.Release|Any CPU.Build.0 = Release|Any CPU
		{82301B9E-C5B4-4230-9A93-61AD8A5C8302}.Release|x64.ActiveCfg = Release|Any CPU
		{82301B9E-C5B4-4230-9A93-61AD8A5C8302}.Release|x64.Build.0 = Release|Any CPU
		{82301B9E-C5B4-4230-9A93-61AD8A5C8302}.Release|x86.ActiveCfg = Release|Any CPU
		{82301B9E-C5B4-4230-9A93-61AD8A5C8302}.Release|x86.Build.0 = Release|Any CPU
		{AD7BB998-1AA2-453C-9FD9-7963AC318AC2}.Debug|Any CPU.ActiveCfg = Debug|Any CPU
		{AD7BB998-1AA2-453C-9FD9-7963AC318AC2}.Debug|Any CPU.Build.0 = Debug|Any CPU
		{AD7BB998-1AA2-453C-9FD9-7963AC318AC2}.Debug|x64.ActiveCfg = Debug|Any CPU
		{AD7BB998-1AA2-453C-9FD9-7963AC318AC2}.Debug|x64.Build.0 = Debug|Any CPU
		{AD7BB998-1AA2-453C-9FD9-7963AC318AC2}.Debug|x86.ActiveCfg = Debug|Any CPU
		{AD7BB998-1AA2-453C-9FD9-7963AC318AC2}.Debug|x86.Build.0 = Debug|Any CPU
		{AD7BB998-1AA2-453C-9FD9-7963AC318AC2}.Release|Any CPU.ActiveCfg = Release|Any CPU
		{AD7BB998-1AA2-453C-9FD9-7963AC318AC2}.Release|Any CPU.Build.0 = Release|Any CPU
		{AD7BB998-1AA2-453C-9FD9-7963AC318AC2}.Release|x64.ActiveCfg = Release|Any CPU
		{AD7BB998-1AA2-453C-9FD9-7963AC318AC2}.Release|x64.Build.0 = Release|Any CPU
		{AD7BB998-1AA2-453C-9FD9-7963AC318AC2}.Release|x86.ActiveCfg = Release|Any CPU
		{AD7BB998-1AA2-453C-9FD9-7963AC318AC2}.Release|x86.Build.0 = Release|Any CPU
		{0FBA5885-E774-4DC7-B624-F809EC8CA004}.Debug|Any CPU.ActiveCfg = Debug|Any CPU
		{0FBA5885-E774-4DC7-B624-F809EC8CA004}.Debug|Any CPU.Build.0 = Debug|Any CPU
		{0FBA5885-E774-4DC7-B624-F809EC8CA004}.Debug|x64.ActiveCfg = Debug|Any CPU
		{0FBA5885-E774-4DC7-B624-F809EC8CA004}.Debug|x64.Build.0 = Debug|Any CPU
		{0FBA5885-E774-4DC7-B624-F809EC8CA004}.Debug|x86.ActiveCfg = Debug|Any CPU
		{0FBA5885-E774-4DC7-B624-F809EC8CA004}.Debug|x86.Build.0 = Debug|Any CPU
		{0FBA5885-E774-4DC7-B624-F809EC8CA004}.Release|Any CPU.ActiveCfg = Release|Any CPU
		{0FBA5885-E774-4DC7-B624-F809EC8CA004}.Release|Any CPU.Build.0 = Release|Any CPU
		{0FBA5885-E774-4DC7-B624-F809EC8CA004}.Release|x64.ActiveCfg = Release|Any CPU
		{0FBA5885-E774-4DC7-B624-F809EC8CA004}.Release|x64.Build.0 = Release|Any CPU
		{0FBA5885-E774-4DC7-B624-F809EC8CA004}.Release|x86.ActiveCfg = Release|Any CPU
		{0FBA5885-E774-4DC7-B624-F809EC8CA004}.Release|x86.Build.0 = Release|Any CPU
	EndGlobalSection
	GlobalSection(SolutionProperties) = preSolution
		HideSolutionNode = FALSE
	EndGlobalSection
EndGlobal
